
Microsoft Visual Studio Solution File, Format Version 12.00
# Visual Studio 15
VisualStudioVersion = 15.0.26730.16
MinimumVisualStudioVersion = 10.0.40219.1
Project("{FAE04EC0-301F-11D3-BF4B-00C04F79EFBC}") = "SynchronousSocketClient", "SynchronousSocketClient\SynchronousSocketClient.csproj", "{BABBCD41-3337-469D-AF25-E33C25F89D18}"
EndProject
Global
	GlobalSection(SolutionConfigurationPlatforms) = preSolution
		Debug|Any CPU = Debug|Any CPU
		Release|Any CPU = Release|Any CPU
	EndGlobalSection
	GlobalSection(ProjectConfigurationPlatforms) = postSolution
		{BABBCD41-3337-469D-AF25-E33C25F89D18}.Debug|Any CPU.ActiveCfg = Debug|Any CPU
		{BABBCD41-3337-469D-AF25-E33C25F89D18}.Debug|Any CPU.Build.0 = Debug|Any CPU
		{BABBCD41-3337-469D-AF25-E33C25F89D18}.Release|Any CPU.ActiveCfg = Release|Any CPU
		{BABBCD41-3337-469D-AF25-E33C25F89D18}.Release|Any CPU.Build.0 = Release|Any CPU
	EndGlobalSection
	GlobalSection(SolutionProperties) = preSolution
		HideSolutionNode = FALSE
	EndGlobalSection
	GlobalSection(ExtensibilityGlobals) = postSolution
		SolutionGuid = {929F4377-FB6F-4E30-A45E-F4CD684D5D99}
	EndGlobalSection
EndGlobal
